
Microsoft Visual Studio Solution File, Format Version 11.00
# Visual Studio 2010
Project("{FAE04EC0-301F-11D3-BF4B-00C04F79EFBC}") = "CrossPlatformDevelopment", "Assembly-CSharp.csproj", "{196BB1EA-4433-9107-537C-6B6E8367A301}"
EndProject
Project("{FAE04EC0-301F-11D3-BF4B-00C04F79EFBC}") = "CrossPlatformDevelopment", "Assembly-CSharp-Editor.csproj", "{82ED5062-9058-05EB-88E0-D83FB96AEB81}"
EndProject
Global
	GlobalSection(SolutionConfigurationPlatforms) = preSolution
		Debug|Any CPU = Debug|Any CPU
		Release|Any CPU = Release|Any CPU
	EndGlobalSection
	GlobalSection(ProjectConfigurationPlatforms) = postSolution
		{196BB1EA-4433-9107-537C-6B6E8367A301}.Debug|Any CPU.ActiveCfg = Debug|Any CPU
		{196BB1EA-4433-9107-537C-6B6E8367A301}.Debug|Any CPU.Build.0 = Debug|Any CPU
		{196BB1EA-4433-9107-537C-6B6E8367A301}.Release|Any CPU.ActiveCfg = Release|Any CPU
		{196BB1EA-4433-9107-537C-6B6E8367A301}.Release|Any CPU.Build.0 = Release|Any CPU
		{82ED5062-9058-05EB-88E0-D83FB96AEB81}.Debug|Any CPU.ActiveCfg = Debug|Any CPU
		{82ED5062-9058-05EB-88E0-D83FB96AEB81}.Debug|Any CPU.Build.0 = Debug|Any CPU
		{82ED5062-9058-05EB-88E0-D83FB96AEB81}.Release|Any CPU.ActiveCfg = Release|Any CPU
		{82ED5062-9058-05EB-88E0-D83FB96AEB81}.Release|Any CPU.Build.0 = Release|Any CPU
	EndGlobalSection
	GlobalSection(SolutionProperties) = preSolution
		HideSolutionNode = FALSE
	EndGlobalSection
	GlobalSection(MonoDevelopProperties) = preSolution
		StartupItem = Assembly-CSharp.csproj
	EndGlobalSection
EndGlobal
